
Microsoft Visual Studio Solution File, Format Version 12.00
# Visual Studio Version 16
VisualStudioVersion = 16.0.29411.108
MinimumVisualStudioVersion = 10.0.40219.1
Project("{FAE04EC0-301F-11D3-BF4B-00C04F79EFBC}") = "Lab04", "Lab04\Lab04.csproj", "{36494F21-B7ED-4985-B1CE-20BB931C4293}"
EndProject
Global
	GlobalSection(SolutionConfigurationPlatforms) = preSolution
		Debug|Any CPU = Debug|Any CPU
		Release|Any CPU = Release|Any CPU
	EndGlobalSection
	GlobalSection(ProjectConfigurationPlatforms) = postSolution
		{36494F21-B7ED-4985-B1CE-20BB931C4293}.Debug|Any CPU.ActiveCfg = Debug|Any CPU
		{36494F21-B7ED-4985-B1CE-20BB931C4293}.Debug|Any CPU.Build.0 = Debug|Any CPU
		{36494F21-B7ED-4985-B1CE-20BB931C4293}.Release|Any CPU.ActiveCfg = Release|Any CPU
		{36494F21-B7ED-4985-B1CE-20BB931C4293}.Release|Any CPU.Build.0 = Release|Any CPU
	EndGlobalSection
	GlobalSection(SolutionProperties) = preSolution
		HideSolutionNode = FALSE
	EndGlobalSection
	GlobalSection(ExtensibilityGlobals) = postSolution
		SolutionGuid = {557A12F3-576B-4222-9A68-55B94DFC732C}
	EndGlobalSection
EndGlobal
